{
  "name": "density-os",
  "lockfileVersion": 3,
  "requires": true,
  "packages": {
    "": {
      "name": "density-os",
      "devDependencies": {
        "@rolldown/binding-darwin-arm64": "^1.2.3"
      }
    },
    "node_modules/@rolldown/binding-darwin-arm64": {
      "version": "1.2.3",
      "resolved": "https://registry.npmjs.org/@rolldown/binding-darwin-arm64/-/binding-darwin-arm64-1.2.3.tgz",
      "integrity": "sha512-ieIiibVCp0tX7TLu2cafoNPv8wJyYi01ekXpbf8q2j7F4rGAhhXb/eQh7ge9DRBY78GwmRQtvjZDux7EDbA8kA==",
      "cpu": [
        "arm64"
      ],
      "dev": true,
      "license": "MIT",
      "os": [
        "darwin"
      ],
      "engines": {
        "node": "^20.19.0 || >=22.12.0"
      }
    }
  }
}
